
Microsoft Visual Studio Solution File, Format Version 12.00
# Visual Studio Version 17
VisualStudioVersion = 17.0.32126.317
MinimumVisualStudioVersion = 10.0.40219.1
Project("{FAE04EC0-301F-11D3-BF4B-00C04F79EFBC}") = "PeriodoAtras.ConsoleApp1", "PeriodoAtras.ConsoleApp1\PeriodoAtras.ConsoleApp1.csproj", "{F4E54F40-DDCC-4398-88C3-886F56554226}"
EndProject
Global
	GlobalSection(SolutionConfigurationPlatforms) = preSolution
		Debug|Any CPU = Debug|Any CPU
		Release|Any CPU = Release|Any CPU
	EndGlobalSection
	GlobalSection(ProjectConfigurationPlatforms) = postSolution
		{F4E54F40-DDCC-4398-88C3-886F56554226}.Debug|Any CPU.ActiveCfg = Debug|Any CPU
		{F4E54F40-DDCC-4398-88C3-886F56554226}.Debug|Any CPU.Build.0 = Debug|Any CPU
		{F4E54F40-DDCC-4398-88C3-886F56554226}.Release|Any CPU.ActiveCfg = Release|Any CPU
		{F4E54F40-DDCC-4398-88C3-886F56554226}.Release|Any CPU.Build.0 = Release|Any CPU
	EndGlobalSection
	GlobalSection(SolutionProperties) = preSolution
		HideSolutionNode = FALSE
	EndGlobalSection
	GlobalSection(ExtensibilityGlobals) = postSolution
		SolutionGuid = {0E142465-46A6-4038-80D7-CBEEB1CD75B1}
	EndGlobalSection
EndGlobal
